
Microsoft Visual Studio Solution File, Format Version 12.00
# Visual Studio Version 16
VisualStudioVersion = 16.0.31911.196
MinimumVisualStudioVersion = 10.0.40219.1
Project("{FAE04EC0-301F-11D3-BF4B-00C04F79EFBC}") = "OmegaSudokuProject", "OmegaSudokuProject\OmegaSudokuProject.csproj", "{DB8CAD6D-5823-485E-9E34-CF2163BD342A}"
EndProject
Global
	GlobalSection(SolutionConfigurationPlatforms) = preSolution
		Debug|Any CPU = Debug|Any CPU
		Release|Any CPU = Release|Any CPU
	EndGlobalSection
	GlobalSection(ProjectConfigurationPlatforms) = postSolution
		{DB8CAD6D-5823-485E-9E34-CF2163BD342A}.Debug|Any CPU.ActiveCfg = Debug|Any CPU
		{DB8CAD6D-5823-485E-9E34-CF2163BD342A}.Debug|Any CPU.Build.0 = Debug|Any CPU
		{DB8CAD6D-5823-485E-9E34-CF2163BD342A}.Release|Any CPU.ActiveCfg = Release|Any CPU
		{DB8CAD6D-5823-485E-9E34-CF2163BD342A}.Release|Any CPU.Build.0 = Release|Any CPU
	EndGlobalSection
	GlobalSection(SolutionProperties) = preSolution
		HideSolutionNode = FALSE
	EndGlobalSection
	GlobalSection(ExtensibilityGlobals) = postSolution
		SolutionGuid = {766469A4-8E16-417F-AF18-DCB61CDDFF28}
	EndGlobalSection
EndGlobal
